
Microsoft Visual Studio Solution File, Format Version 12.00
# Visual Studio Version 16
VisualStudioVersion = 16.0.29613.14
MinimumVisualStudioVersion = 10.0.40219.1
Project("{FAE04EC0-301F-11D3-BF4B-00C04F79EFBC}") = "EjercicioPerimetroPoligono", "EjercicioPerimetroPoligono\EjercicioPerimetroPoligono.csproj", "{BFB058BA-13EE-41F8-B63B-3DF8D379385B}"
EndProject
Global
	GlobalSection(SolutionConfigurationPlatforms) = preSolution
		Debug|Any CPU = Debug|Any CPU
		Release|Any CPU = Release|Any CPU
	EndGlobalSection
	GlobalSection(ProjectConfigurationPlatforms) = postSolution
		{BFB058BA-13EE-41F8-B63B-3DF8D379385B}.Debug|Any CPU.ActiveCfg = Debug|Any CPU
		{BFB058BA-13EE-41F8-B63B-3DF8D379385B}.Debug|Any CPU.Build.0 = Debug|Any CPU
		{BFB058BA-13EE-41F8-B63B-3DF8D379385B}.Release|Any CPU.ActiveCfg = Release|Any CPU
		{BFB058BA-13EE-41F8-B63B-3DF8D379385B}.Release|Any CPU.Build.0 = Release|Any CPU
	EndGlobalSection
	GlobalSection(SolutionProperties) = preSolution
		HideSolutionNode = FALSE
	EndGlobalSection
	GlobalSection(ExtensibilityGlobals) = postSolution
		SolutionGuid = {B86C8706-2FFD-475E-BD6C-1ED8A6D03C59}
	EndGlobalSection
EndGlobal
