
Microsoft Visual Studio Solution File, Format Version 12.00
# Visual Studio Version 16
VisualStudioVersion = 16.0.29613.14
MinimumVisualStudioVersion = 10.0.40219.1
Project("{FAE04EC0-301F-11D3-BF4B-00C04F79EFBC}") = "Factorial_de_un_numero", "Factorial_de_un_numero.csproj", "{BD952B36-359F-4433-8BF4-199A5ABAF687}"
EndProject
Global
	GlobalSection(SolutionConfigurationPlatforms) = preSolution
		Debug|Any CPU = Debug|Any CPU
		Release|Any CPU = Release|Any CPU
	EndGlobalSection
	GlobalSection(ProjectConfigurationPlatforms) = postSolution
		{BD952B36-359F-4433-8BF4-199A5ABAF687}.Debug|Any CPU.ActiveCfg = Debug|Any CPU
		{BD952B36-359F-4433-8BF4-199A5ABAF687}.Debug|Any CPU.Build.0 = Debug|Any CPU
		{BD952B36-359F-4433-8BF4-199A5ABAF687}.Release|Any CPU.ActiveCfg = Release|Any CPU
		{BD952B36-359F-4433-8BF4-199A5ABAF687}.Release|Any CPU.Build.0 = Release|Any CPU
	EndGlobalSection
	GlobalSection(SolutionProperties) = preSolution
		HideSolutionNode = FALSE
	EndGlobalSection
	GlobalSection(ExtensibilityGlobals) = postSolution
		SolutionGuid = {97FBA0F1-164F-4B18-955C-F84CEA771B0B}
	EndGlobalSection
EndGlobal
