
Microsoft Visual Studio Solution File, Format Version 12.00
# Visual Studio Version 16
VisualStudioVersion = 16.0.29613.14
MinimumVisualStudioVersion = 10.0.40219.1
Project("{FAE04EC0-301F-11D3-BF4B-00C04F79EFBC}") = "ConvertidorDolarEuro", "ConvertidorDolarEuro\ConvertidorDolarEuro.csproj", "{5D7F194C-3A3D-4F83-914B-4B133C45CCB4}"
EndProject
Global
	GlobalSection(SolutionConfigurationPlatforms) = preSolution
		Debug|Any CPU = Debug|Any CPU
		Release|Any CPU = Release|Any CPU
	EndGlobalSection
	GlobalSection(ProjectConfigurationPlatforms) = postSolution
		{5D7F194C-3A3D-4F83-914B-4B133C45CCB4}.Debug|Any CPU.ActiveCfg = Debug|Any CPU
		{5D7F194C-3A3D-4F83-914B-4B133C45CCB4}.Debug|Any CPU.Build.0 = Debug|Any CPU
		{5D7F194C-3A3D-4F83-914B-4B133C45CCB4}.Release|Any CPU.ActiveCfg = Release|Any CPU
		{5D7F194C-3A3D-4F83-914B-4B133C45CCB4}.Release|Any CPU.Build.0 = Release|Any CPU
	EndGlobalSection
	GlobalSection(SolutionProperties) = preSolution
		HideSolutionNode = FALSE
	EndGlobalSection
	GlobalSection(ExtensibilityGlobals) = postSolution
		SolutionGuid = {E6D539E6-8BDD-43F7-BA51-69BC67EBCBB4}
	EndGlobalSection
EndGlobal
